// !$*UTF8*$!
{
	archiveVersion = 1;
	classes = {
	};
	objectVersion = 48;
	objects = {

/* Begin PBXBuildFile section */
		940254EF1FAB1B2C00402B7E /* Utilities.swift in Sources */ = {isa = PBXBuildFile; fileRef = 940254EE1FAB1B2C00402B7E /* Utilities.swift */; };
		940A52BA1FB8AE25002272D6 /* UICollectionView+Extension.swift in Sources */ = {isa = PBXBuildFile; fileRef = 940A52B91FB8AE25002272D6 /* UICollectionView+Extension.swift */; };
		940A74131FB6CFD5009D99B6 /* VirtualObjectARView.swift in Sources */ = {isa = PBXBuildFile; fileRef = 940A740D1FB6CFD4009D99B6 /* VirtualObjectARView.swift */; };
		940A74141FB6CFD5009D99B6 /* Axis.swift in Sources */ = {isa = PBXBuildFile; fileRef = 940A740E1FB6CFD4009D99B6 /* Axis.swift */; };
		940A74161FB6CFD5009D99B6 /* AppDelegate.swift in Sources */ = {isa = PBXBuildFile; fileRef = 940A74101FB6CFD5009D99B6 /* AppDelegate.swift */; };
		940A74241FB6D12B009D99B6 /* NewViewController.swift in Sources */ = {isa = PBXBuildFile; fileRef = 940A741F1FB6D12A009D99B6 /* NewViewController.swift */; };
		940A74251FB6D12B009D99B6 /* ViewController.swift in Sources */ = {isa = PBXBuildFile; fileRef = 940A74201FB6D12A009D99B6 /* ViewController.swift */; };
		940A74271FB6D12B009D99B6 /* MenuViewController.swift in Sources */ = {isa = PBXBuildFile; fileRef = 940A74221FB6D12B009D99B6 /* MenuViewController.swift */; };
		940A742A1FB6D13E009D99B6 /* MainModel.swift in Sources */ = {isa = PBXBuildFile; fileRef = 940A74281FB6D13E009D99B6 /* MainModel.swift */; };
		940A742B1FB6D13E009D99B6 /* VirtualObject.swift in Sources */ = {isa = PBXBuildFile; fileRef = 940A74291FB6D13E009D99B6 /* VirtualObject.swift */; };
		940A742D1FB6D146009D99B6 /* UIView+Extension.swift in Sources */ = {isa = PBXBuildFile; fileRef = 940A742C1FB6D146009D99B6 /* UIView+Extension.swift */; };
		940A74331FB6D1AD009D99B6 /* FocusSquare.swift in Sources */ = {isa = PBXBuildFile; fileRef = 940A74311FB6D1AD009D99B6 /* FocusSquare.swift */; };
		940A74341FB6D1AD009D99B6 /* FocusSquareSegment.swift in Sources */ = {isa = PBXBuildFile; fileRef = 940A74321FB6D1AD009D99B6 /* FocusSquareSegment.swift */; };
		940A74371FB6D1E3009D99B6 /* ModelTableViewCell.swift in Sources */ = {isa = PBXBuildFile; fileRef = 940A74351FB6D1E3009D99B6 /* ModelTableViewCell.swift */; };
		940A74381FB6D1E3009D99B6 /* ModelCollectionViewCell.swift in Sources */ = {isa = PBXBuildFile; fileRef = 940A74361FB6D1E3009D99B6 /* ModelCollectionViewCell.swift */; };
		940A743B1FB6D1EA009D99B6 /* MenuTableViewVM.swift in Sources */ = {isa = PBXBuildFile; fileRef = 940A74391FB6D1EA009D99B6 /* MenuTableViewVM.swift */; };
		940A743C1FB6D1EA009D99B6 /* CollectionViewVM.swift in Sources */ = {isa = PBXBuildFile; fileRef = 940A743A1FB6D1EA009D99B6 /* CollectionViewVM.swift */; };
		94250ED51FB590EC0068FEFB /* Places.scnassets in Resources */ = {isa = PBXBuildFile; fileRef = 94250ED41FB590EC0068FEFB /* Places.scnassets */; };
		94677DD71FB9C4FC005689D5 /* SCNNode+Extension.swift in Sources */ = {isa = PBXBuildFile; fileRef = 94677DD61FB9C4FB005689D5 /* SCNNode+Extension.swift */; };
		9480AD4C1F974D750019492F /* Main.storyboard in Resources */ = {isa = PBXBuildFile; fileRef = 9480AD4A1F974D750019492F /* Main.storyboard */; };
		9480AD4E1F974D750019492F /* Assets.xcassets in Resources */ = {isa = PBXBuildFile; fileRef = 9480AD4D1F974D750019492F /* Assets.xcassets */; };
		9480AD511F974D750019492F /* LaunchScreen.storyboard in Resources */ = {isa = PBXBuildFile; fileRef = 9480AD4F1F974D750019492F /* LaunchScreen.storyboard */; };
		9480AD5C1F974D750019492F /* ARDemoAppTests.swift in Sources */ = {isa = PBXBuildFile; fileRef = 9480AD5B1F974D750019492F /* ARDemoAppTests.swift */; };
		9480AD671F974D750019492F /* ARDemoAppUITests.swift in Sources */ = {isa = PBXBuildFile; fileRef = 9480AD661F974D750019492F /* ARDemoAppUITests.swift */; };
		948F2C8B1FB351A7003550B1 /* Food.scnassets in Resources */ = {isa = PBXBuildFile; fileRef = 948F2C8A1FB351A7003550B1 /* Food.scnassets */; };
		948F2C8F1FB36736003550B1 /* AnimationUtil.swift in Sources */ = {isa = PBXBuildFile; fileRef = 948F2C8E1FB36736003550B1 /* AnimationUtil.swift */; };
		94F44FD01FB4B95600653705 /* Giapponese.jpg in Resources */ = {isa = PBXBuildFile; fileRef = 94F44FB71FB4B95200653705 /* Giapponese.jpg */; };
		94F44FD11FB4B95600653705 /* Soup.jpg in Resources */ = {isa = PBXBuildFile; fileRef = 94F44FB81FB4B95300653705 /* Soup.jpg */; };
		94F44FD21FB4B95600653705 /* PotatoChips.jpg in Resources */ = {isa = PBXBuildFile; fileRef = 94F44FB91FB4B95300653705 /* PotatoChips.jpg */; };
		94F44FD31FB4B95600653705 /* Lemonade.jpeg in Resources */ = {isa = PBXBuildFile; fileRef = 94F44FBA1FB4B95300653705 /* Lemonade.jpeg */; };
		94F44FD41FB4B95600653705 /* Sucos.jpg in Resources */ = {isa = PBXBuildFile; fileRef = 94F44FBB1FB4B95300653705 /* Sucos.jpg */; };
		94F44FD51FB4B95600653705 /* WeddingCake.jpg in Resources */ = {isa = PBXBuildFile; fileRef = 94F44FBC1FB4B95300653705 /* WeddingCake.jpg */; };
		94F44FD61FB4B95600653705 /* Burger.jpg in Resources */ = {isa = PBXBuildFile; fileRef = 94F44FBD1FB4B95300653705 /* Burger.jpg */; };
		94F44FD71FB4B95600653705 /* OskarBlues.jpg in Resources */ = {isa = PBXBuildFile; fileRef = 94F44FBE1FB4B95300653705 /* OskarBlues.jpg */; };
		94F44FD81FB4B95600653705 /* BlackForestCake.jpg in Resources */ = {isa = PBXBuildFile; fileRef = 94F44FBF1FB4B95300653705 /* BlackForestCake.jpg */; };
		94F44FD91FB4B95600653705 /* Cocacola.jpg in Resources */ = {isa = PBXBuildFile; fileRef = 94F44FC01FB4B95400653705 /* Cocacola.jpg */; };
		94F44FDA1FB4B95600653705 /* BurgerFries.jpg in Resources */ = {isa = PBXBuildFile; fileRef = 94F44FC11FB4B95400653705 /* BurgerFries.jpg */; };
		94F44FDB1FB4B95600653705 /* Noodles.jpg in Resources */ = {isa = PBXBuildFile; fileRef = 94F44FC21FB4B95400653705 /* Noodles.jpg */; };
		94F44FDC1FB4B95600653705 /* Clicquot.jpg in Resources */ = {isa = PBXBuildFile; fileRef = 94F44FC31FB4B95400653705 /* Clicquot.jpg */; };
		94F44FDD1FB4B95600653705 /* InstantNoodles.jpg in Resources */ = {isa = PBXBuildFile; fileRef = 94F44FC41FB4B95400653705 /* InstantNoodles.jpg */; };
		94F44FDE1FB4B95600653705 /* Bierfles.jpeg in Resources */ = {isa = PBXBuildFile; fileRef = 94F44FC51FB4B95400653705 /* Bierfles.jpeg */; };
		94F44FDF1FB4B95600653705 /* FastFood.jpg in Resources */ = {isa = PBXBuildFile; fileRef = 94F44FC61FB4B95500653705 /* FastFood.jpg */; };
		94F44FE01FB4B95600653705 /* JackDaniels.jpg in Resources */ = {isa = PBXBuildFile; fileRef = 94F44FC71FB4B95500653705 /* JackDaniels.jpg */; };
		94F44FE11FB4B95600653705 /* CakePiece.jpg in Resources */ = {isa = PBXBuildFile; fileRef = 94F44FC81FB4B95500653705 /* CakePiece.jpg */; };
		94F44FE21FB4B95600653705 /* ChocolateCake.jpg in Resources */ = {isa = PBXBuildFile; fileRef = 94F44FC91FB4B95500653705 /* ChocolateCake.jpg */; };
		94F44FE31FB4B95600653705 /* BirthdayCake.jpg in Resources */ = {isa = PBXBuildFile; fileRef = 94F44FCA1FB4B95500653705 /* BirthdayCake.jpg */; };
		94F44FE41FB4B95600653705 /* BreakFast.jpg in Resources */ = {isa = PBXBuildFile; fileRef = 94F44FCB1FB4B95500653705 /* BreakFast.jpg */; };
		94F44FE51FB4B95600653705 /* FranksBeansDinner.jpg in Resources */ = {isa = PBXBuildFile; fileRef = 94F44FCC1FB4B95500653705 /* FranksBeansDinner.jpg */; };
		94F44FE61FB4B95600653705 /* PepperoniPizza.jpg in Resources */ = {isa = PBXBuildFile; fileRef = 94F44FCD1FB4B95600653705 /* PepperoniPizza.jpg */; };
		94F44FE71FB4B95600653705 /* HotDog.jpg in Resources */ = {isa = PBXBuildFile; fileRef = 94F44FCE1FB4B95600653705 /* HotDog.jpg */; };
		94F44FE81FB4B95600653705 /* ChineseInstantNoodles.jpg in Resources */ = {isa = PBXBuildFile; fileRef = 94F44FCF1FB4B95600653705 /* ChineseInstantNoodles.jpg */; };
		94FDA97A1F9ED28A008160CE /* Cars.scnassets in Resources */ = {isa = PBXBuildFile; fileRef = 94FDA9791F9ED28A008160CE /* Cars.scnassets */; };
/* End PBXBuildFile section */

/* Begin PBXContainerItemProxy section */
		9480AD581F974D750019492F /* PBXContainerItemProxy */ = {
			isa = PBXContainerItemProxy;
			containerPortal = 9480AD3B1F974D750019492F /* Project object */;
			proxyType = 1;
			remoteGlobalIDString = 9480AD421F974D750019492F;
			remoteInfo = ARDemoApp;
		};
		9480AD631F974D750019492F /* PBXContainerItemProxy */ = {
			isa = PBXContainerItemProxy;
			containerPortal = 9480AD3B1F974D750019492F /* Project object */;
			proxyType = 1;
			remoteGlobalIDString = 9480AD421F974D750019492F;
			remoteInfo = ARDemoApp;
		};
/* End PBXContainerItemProxy section */

/* Begin PBXFileReference section */
		940254EE1FAB1B2C00402B7E /* Utilities.swift */ = {isa = PBXFileReference; fileEncoding = 4; lastKnownFileType = sourcecode.swift; path = Utilities.swift; sourceTree = "<group>"; };
		940A52B91FB8AE25002272D6 /* UICollectionView+Extension.swift */ = {isa = PBXFileReference; fileEncoding = 4; lastKnownFileType = sourcecode.swift; path = "UICollectionView+Extension.swift"; sourceTree = "<group>"; };
		940A740D1FB6CFD4009D99B6 /* VirtualObjectARView.swift */ = {isa = PBXFileReference; fileEncoding = 4; lastKnownFileType = sourcecode.swift; path = VirtualObjectARView.swift; sourceTree = "<group>"; };
		940A740E1FB6CFD4009D99B6 /* Axis.swift */ = {isa = PBXFileReference; fileEncoding = 4; lastKnownFileType = sourcecode.swift; path = Axis.swift; sourceTree = "<group>"; };
		940A74101FB6CFD5009D99B6 /* AppDelegate.swift */ = {isa = PBXFileReference; fileEncoding = 4; lastKnownFileType = sourcecode.swift; path = AppDelegate.swift; sourceTree = "<group>"; };
		940A741F1FB6D12A009D99B6 /* NewViewController.swift */ = {isa = PBXFileReference; fileEncoding = 4; lastKnownFileType = sourcecode.swift; path = NewViewController.swift; sourceTree = "<group>"; };
		940A74201FB6D12A009D99B6 /* ViewController.swift */ = {isa = PBXFileReference; fileEncoding = 4; lastKnownFileType = sourcecode.swift; path = ViewController.swift; sourceTree = "<group>"; };
		940A74221FB6D12B009D99B6 /* MenuViewController.swift */ = {isa = PBXFileReference; fileEncoding = 4; lastKnownFileType = sourcecode.swift; path = MenuViewController.swift; sourceTree = "<group>"; };
		940A74281FB6D13E009D99B6 /* MainModel.swift */ = {isa = PBXFileReference; fileEncoding = 4; lastKnownFileType = sourcecode.swift; path = MainModel.swift; sourceTree = "<group>"; };
		940A74291FB6D13E009D99B6 /* VirtualObject.swift */ = {isa = PBXFileReference; fileEncoding = 4; lastKnownFileType = sourcecode.swift; path = VirtualObject.swift; sourceTree = "<group>"; };
		940A742C1FB6D146009D99B6 /* UIView+Extension.swift */ = {isa = PBXFileReference; fileEncoding = 4; lastKnownFileType = sourcecode.swift; path = "UIView+Extension.swift"; sourceTree = "<group>"; };
		940A74311FB6D1AD009D99B6 /* FocusSquare.swift */ = {isa = PBXFileReference; fileEncoding = 4; lastKnownFileType = sourcecode.swift; path = FocusSquare.swift; sourceTree = "<group>"; };
		940A74321FB6D1AD009D99B6 /* FocusSquareSegment.swift */ = {isa = PBXFileReference; fileEncoding = 4; lastKnownFileType = sourcecode.swift; path = FocusSquareSegment.swift; sourceTree = "<group>"; };
		940A74351FB6D1E3009D99B6 /* ModelTableViewCell.swift */ = {isa = PBXFileReference; fileEncoding = 4; lastKnownFileType = sourcecode.swift; path = ModelTableViewCell.swift; sourceTree = "<group>"; };
		940A74361FB6D1E3009D99B6 /* ModelCollectionViewCell.swift */ = {isa = PBXFileReference; fileEncoding = 4; lastKnownFileType = sourcecode.swift; path = ModelCollectionViewCell.swift; sourceTree = "<group>"; };
		940A74391FB6D1EA009D99B6 /* MenuTableViewVM.swift */ = {isa = PBXFileReference; fileEncoding = 4; lastKnownFileType = sourcecode.swift; path = MenuTableViewVM.swift; sourceTree = "<group>"; };
		940A743A1FB6D1EA009D99B6 /* CollectionViewVM.swift */ = {isa = PBXFileReference; fileEncoding = 4; lastKnownFileType = sourcecode.swift; path = CollectionViewVM.swift; sourceTree = "<group>"; };
		94250ED41FB590EC0068FEFB /* Places.scnassets */ = {isa = PBXFileReference; lastKnownFileType = wrapper.scnassets; path = Places.scnassets; sourceTree = "<group>"; };
		94677DD61FB9C4FB005689D5 /* SCNNode+Extension.swift */ = {isa = PBXFileReference; fileEncoding = 4; lastKnownFileType = sourcecode.swift; path = "SCNNode+Extension.swift"; sourceTree = "<group>"; };
		9480AD431F974D750019492F /* ARDemoApp.app */ = {isa = PBXFileReference; explicitFileType = wrapper.application; includeInIndex = 0; path = ARDemoApp.app; sourceTree = BUILT_PRODUCTS_DIR; };
		9480AD4B1F974D750019492F /* Base */ = {isa = PBXFileReference; lastKnownFileType = file.storyboard; name = Base; path = Base.lproj/Main.storyboard; sourceTree = "<group>"; };
		9480AD4D1F974D750019492F /* Assets.xcassets */ = {isa = PBXFileReference; lastKnownFileType = folder.assetcatalog; path = Assets.xcassets; sourceTree = "<group>"; };
		9480AD501F974D750019492F /* Base */ = {isa = PBXFileReference; lastKnownFileType = file.storyboard; name = Base; path = Base.lproj/LaunchScreen.storyboard; sourceTree = "<group>"; };
		9480AD521F974D750019492F /* Info.plist */ = {isa = PBXFileReference; lastKnownFileType = text.plist.xml; path = Info.plist; sourceTree = "<group>"; };
		9480AD571F974D750019492F /* ARDemoAppTests.xctest */ = {isa = PBXFileReference; explicitFileType = wrapper.cfbundle; includeInIndex = 0; path = ARDemoAppTests.xctest; sourceTree = BUILT_PRODUCTS_DIR; };
		9480AD5B1F974D750019492F /* ARDemoAppTests.swift */ = {isa = PBXFileReference; lastKnownFileType = sourcecode.swift; path = ARDemoAppTests.swift; sourceTree = "<group>"; };
		9480AD5D1F974D750019492F /* Info.plist */ = {isa = PBXFileReference; lastKnownFileType = text.plist.xml; path = Info.plist; sourceTree = "<group>"; };
		9480AD621F974D750019492F /* ARDemoAppUITests.xctest */ = {isa = PBXFileReference; explicitFileType = wrapper.cfbundle; includeInIndex = 0; path = ARDemoAppUITests.xctest; sourceTree = BUILT_PRODUCTS_DIR; };
		9480AD661F974D750019492F /* ARDemoAppUITests.swift */ = {isa = PBXFileReference; lastKnownFileType = sourcecode.swift; path = ARDemoAppUITests.swift; sourceTree = "<group>"; };
		9480AD681F974D750019492F /* Info.plist */ = {isa = PBXFileReference; lastKnownFileType = text.plist.xml; path = Info.plist; sourceTree = "<group>"; };
		948F2C8A1FB351A7003550B1 /* Food.scnassets */ = {isa = PBXFileReference; lastKnownFileType = wrapper.scnassets; path = Food.scnassets; sourceTree = "<group>"; };
		948F2C8E1FB36736003550B1 /* AnimationUtil.swift */ = {isa = PBXFileReference; lastKnownFileType = sourcecode.swift; path = AnimationUtil.swift; sourceTree = "<group>"; };
		94F44FB71FB4B95200653705 /* Giapponese.jpg */ = {isa = PBXFileReference; lastKnownFileType = image.jpeg; path = Giapponese.jpg; sourceTree = "<group>"; };
		94F44FB81FB4B95300653705 /* Soup.jpg */ = {isa = PBXFileReference; lastKnownFileType = image.jpeg; path = Soup.jpg; sourceTree = "<group>"; };
		94F44FB91FB4B95300653705 /* PotatoChips.jpg */ = {isa = PBXFileReference; lastKnownFileType = image.jpeg; path = PotatoChips.jpg; sourceTree = "<group>"; };
		94F44FBA1FB4B95300653705 /* Lemonade.jpeg */ = {isa = PBXFileReference; lastKnownFileType = image.jpeg; path = Lemonade.jpeg; sourceTree = "<group>"; };
		94F44FBB1FB4B95300653705 /* Sucos.jpg */ = {isa = PBXFileReference; lastKnownFileType = image.jpeg; path = Sucos.jpg; sourceTree = "<group>"; };
		94F44FBC1FB4B95300653705 /* WeddingCake.jpg */ = {isa = PBXFileReference; lastKnownFileType = image.jpeg; path = WeddingCake.jpg; sourceTree = "<group>"; };
		94F44FBD1FB4B95300653705 /* Burger.jpg */ = {isa = PBXFileReference; lastKnownFileType = image.jpeg; path = Burger.jpg; sourceTree = "<group>"; };
		94F44FBE1FB4B95300653705 /* OskarBlues.jpg */ = {isa = PBXFileReference; lastKnownFileType = image.jpeg; path = OskarBlues.jpg; sourceTree = "<group>"; };
		94F44FBF1FB4B95300653705 /* BlackForestCake.jpg */ = {isa = PBXFileReference; lastKnownFileType = image.jpeg; path = BlackForestCake.jpg; sourceTree = "<group>"; };
		94F44FC01FB4B95400653705 /* Cocacola.jpg */ = {isa = PBXFileReference; lastKnownFileType = image.jpeg; path = Cocacola.jpg; sourceTree = "<group>"; };
		94F44FC11FB4B95400653705 /* BurgerFries.jpg */ = {isa = PBXFileReference; lastKnownFileType = image.jpeg; path = BurgerFries.jpg; sourceTree = "<group>"; };
		94F44FC21FB4B95400653705 /* Noodles.jpg */ = {isa = PBXFileReference; lastKnownFileType = image.jpeg; path = Noodles.jpg; sourceTree = "<group>"; };
		94F44FC31FB4B95400653705 /* Clicquot.jpg */ = {isa = PBXFileReference; lastKnownFileType = image.jpeg; path = Clicquot.jpg; sourceTree = "<group>"; };
		94F44FC41FB4B95400653705 /* InstantNoodles.jpg */ = {isa = PBXFileReference; lastKnownFileType = image.jpeg; path = InstantNoodles.jpg; sourceTree = "<group>"; };
		94F44FC51FB4B95400653705 /* Bierfles.jpeg */ = {isa = PBXFileReference; lastKnownFileType = image.jpeg; path = Bierfles.jpeg; sourceTree = "<group>"; };
		94F44FC61FB4B95500653705 /* FastFood.jpg */ = {isa = PBXFileReference; lastKnownFileType = image.jpeg; path = FastFood.jpg; sourceTree = "<group>"; };
		94F44FC71FB4B95500653705 /* JackDaniels.jpg */ = {isa = PBXFileReference; lastKnownFileType = image.jpeg; path = JackDaniels.jpg; sourceTree = "<group>"; };
		94F44FC81FB4B95500653705 /* CakePiece.jpg */ = {isa = PBXFileReference; lastKnownFileType = image.jpeg; path = CakePiece.jpg; sourceTree = "<group>"; };
		94F44FC91FB4B95500653705 /* ChocolateCake.jpg */ = {isa = PBXFileReference; lastKnownFileType = image.jpeg; path = ChocolateCake.jpg; sourceTree = "<group>"; };
		94F44FCA1FB4B95500653705 /* BirthdayCake.jpg */ = {isa = PBXFileReference; lastKnownFileType = image.jpeg; path = BirthdayCake.jpg; sourceTree = "<group>"; };
		94F44FCB1FB4B95500653705 /* BreakFast.jpg */ = {isa = PBXFileReference; lastKnownFileType = image.jpeg; path = BreakFast.jpg; sourceTree = "<group>"; };
		94F44FCC1FB4B95500653705 /* FranksBeansDinner.jpg */ = {isa = PBXFileReference; lastKnownFileType = image.jpeg; path = FranksBeansDinner.jpg; sourceTree = "<group>"; };
		94F44FCD1FB4B95600653705 /* PepperoniPizza.jpg */ = {isa = PBXFileReference; lastKnownFileType = image.jpeg; path = PepperoniPizza.jpg; sourceTree = "<group>"; };
		94F44FCE1FB4B95600653705 /* HotDog.jpg */ = {isa = PBXFileReference; lastKnownFileType = image.jpeg; path = HotDog.jpg; sourceTree = "<group>"; };
		94F44FCF1FB4B95600653705 /* ChineseInstantNoodles.jpg */ = {isa = PBXFileReference; lastKnownFileType = image.jpeg; path = ChineseInstantNoodles.jpg; sourceTree = "<group>"; };
		94FDA9791F9ED28A008160CE /* Cars.scnassets */ = {isa = PBXFileReference; lastKnownFileType = wrapper.scnassets; path = Cars.scnassets; sourceTree = "<group>"; };
/* End PBXFileReference section */

/* Begin PBXFrameworksBuildPhase section */
		9480AD401F974D750019492F /* Frameworks */ = {
			isa = PBXFrameworksBuildPhase;
			buildActionMask = 2147483647;
			files = (
			);
			runOnlyForDeploymentPostprocessing = 0;
		};
		9480AD541F974D750019492F /* Frameworks */ = {
			isa = PBXFrameworksBuildPhase;
			buildActionMask = 2147483647;
			files = (
			);
			runOnlyForDeploymentPostprocessing = 0;
		};
		9480AD5F1F974D750019492F /* Frameworks */ = {
			isa = PBXFrameworksBuildPhase;
			buildActionMask = 2147483647;
			files = (
			);
			runOnlyForDeploymentPostprocessing = 0;
		};
/* End PBXFrameworksBuildPhase section */

/* Begin PBXGroup section */
		940254ED1FAB1B2300402B7E /* Utilities */ = {
			isa = PBXGroup;
			children = (
				940254EE1FAB1B2C00402B7E /* Utilities.swift */,
				948F2C8E1FB36736003550B1 /* AnimationUtil.swift */,
				940A74301FB6D18F009D99B6 /* FocusSquare */,
			);
			path = Utilities;
			sourceTree = "<group>";
		};
		940A741A1FB6D089009D99B6 /* Categories */ = {
			isa = PBXGroup;
			children = (
				940A52B91FB8AE25002272D6 /* UICollectionView+Extension.swift */,
				940A742C1FB6D146009D99B6 /* UIView+Extension.swift */,
				94677DD61FB9C4FB005689D5 /* SCNNode+Extension.swift */,
			);
			path = Categories;
			sourceTree = "<group>";
		};
		940A741C1FB6D0BA009D99B6 /* Models */ = {
			isa = PBXGroup;
			children = (
				940A74281FB6D13E009D99B6 /* MainModel.swift */,
				940A74291FB6D13E009D99B6 /* VirtualObject.swift */,
			);
			path = Models;
			sourceTree = "<group>";
		};
		940A741D1FB6D0CB009D99B6 /* ViewControllers */ = {
			isa = PBXGroup;
			children = (
				940A74221FB6D12B009D99B6 /* MenuViewController.swift */,
				940A741F1FB6D12A009D99B6 /* NewViewController.swift */,
				940A74201FB6D12A009D99B6 /* ViewController.swift */,
				940A742F1FB6D155009D99B6 /* Views */,
				940A742E1FB6D14F009D99B6 /* ViewModels */,
			);
			path = ViewControllers;
			sourceTree = "<group>";
		};
		940A742E1FB6D14F009D99B6 /* ViewModels */ = {
			isa = PBXGroup;
			children = (
				940A743A1FB6D1EA009D99B6 /* CollectionViewVM.swift */,
				940A74391FB6D1EA009D99B6 /* MenuTableViewVM.swift */,
			);
			path = ViewModels;
			sourceTree = "<group>";
		};
		940A742F1FB6D155009D99B6 /* Views */ = {
			isa = PBXGroup;
			children = (
				940A74361FB6D1E3009D99B6 /* ModelCollectionViewCell.swift */,
				940A74351FB6D1E3009D99B6 /* ModelTableViewCell.swift */,
			);
			path = Views;
			sourceTree = "<group>";
		};
		940A74301FB6D18F009D99B6 /* FocusSquare */ = {
			isa = PBXGroup;
			children = (
				940A74311FB6D1AD009D99B6 /* FocusSquare.swift */,
				940A74321FB6D1AD009D99B6 /* FocusSquareSegment.swift */,
			);
			path = FocusSquare;
			sourceTree = "<group>";
		};
		9480AD3A1F974D750019492F = {
			isa = PBXGroup;
			children = (
				9480AD451F974D750019492F /* ARDemoApp */,
				9480AD5A1F974D750019492F /* ARDemoAppTests */,
				9480AD651F974D750019492F /* ARDemoAppUITests */,
				9480AD441F974D750019492F /* Products */,
			);
			sourceTree = "<group>";
		};
		9480AD441F974D750019492F /* Products */ = {
			isa = PBXGroup;
			children = (
				9480AD431F974D750019492F /* ARDemoApp.app */,
				9480AD571F974D750019492F /* ARDemoAppTests.xctest */,
				9480AD621F974D750019492F /* ARDemoAppUITests.xctest */,
			);
			name = Products;
			sourceTree = "<group>";
		};
		9480AD451F974D750019492F /* ARDemoApp */ = {
			isa = PBXGroup;
			children = (
				940A741D1FB6D0CB009D99B6 /* ViewControllers */,
				940A741C1FB6D0BA009D99B6 /* Models */,
				940A741A1FB6D089009D99B6 /* Categories */,
				940A74101FB6CFD5009D99B6 /* AppDelegate.swift */,
				940A740E1FB6CFD4009D99B6 /* Axis.swift */,
				940A740D1FB6CFD4009D99B6 /* VirtualObjectARView.swift */,
				9480AD4A1F974D750019492F /* Main.storyboard */,
				940254ED1FAB1B2300402B7E /* Utilities */,
				94F44FB61FB4B92C00653705 /* Images */,
				9480AD4D1F974D750019492F /* Assets.xcassets */,
				94FDA9791F9ED28A008160CE /* Cars.scnassets */,
				94250ED41FB590EC0068FEFB /* Places.scnassets */,
				948F2C8A1FB351A7003550B1 /* Food.scnassets */,
				9480AD4F1F974D750019492F /* LaunchScreen.storyboard */,
				9480AD521F974D750019492F /* Info.plist */,
			);
			path = ARDemoApp;
			sourceTree = "<group>";
		};
		9480AD5A1F974D750019492F /* ARDemoAppTests */ = {
			isa = PBXGroup;
			children = (
				9480AD5B1F974D750019492F /* ARDemoAppTests.swift */,
				9480AD5D1F974D750019492F /* Info.plist */,
			);
			path = ARDemoAppTests;
			sourceTree = "<group>";
		};
		9480AD651F974D750019492F /* ARDemoAppUITests */ = {
			isa = PBXGroup;
			children = (
				9480AD661F974D750019492F /* ARDemoAppUITests.swift */,
				9480AD681F974D750019492F /* Info.plist */,
			);
			path = ARDemoAppUITests;
			sourceTree = "<group>";
		};
		94F44FB61FB4B92C00653705 /* Images */ = {
			isa = PBXGroup;
			children = (
				94F44FC51FB4B95400653705 /* Bierfles.jpeg */,
				94F44FCA1FB4B95500653705 /* BirthdayCake.jpg */,
				94F44FBF1FB4B95300653705 /* BlackForestCake.jpg */,
				94F44FCB1FB4B95500653705 /* BreakFast.jpg */,
				94F44FBD1FB4B95300653705 /* Burger.jpg */,
				94F44FC11FB4B95400653705 /* BurgerFries.jpg */,
				94F44FC81FB4B95500653705 /* CakePiece.jpg */,
				94F44FCF1FB4B95600653705 /* ChineseInstantNoodles.jpg */,
				94F44FC91FB4B95500653705 /* ChocolateCake.jpg */,
				94F44FC31FB4B95400653705 /* Clicquot.jpg */,
				94F44FC01FB4B95400653705 /* Cocacola.jpg */,
				94F44FC61FB4B95500653705 /* FastFood.jpg */,
				94F44FCC1FB4B95500653705 /* FranksBeansDinner.jpg */,
				94F44FB71FB4B95200653705 /* Giapponese.jpg */,
				94F44FCE1FB4B95600653705 /* HotDog.jpg */,
				94F44FC41FB4B95400653705 /* InstantNoodles.jpg */,
				94F44FC71FB4B95500653705 /* JackDaniels.jpg */,
				94F44FBA1FB4B95300653705 /* Lemonade.jpeg */,
				94F44FC21FB4B95400653705 /* Noodles.jpg */,
				94F44FBE1FB4B95300653705 /* OskarBlues.jpg */,
				94F44FCD1FB4B95600653705 /* PepperoniPizza.jpg */,
				94F44FB91FB4B95300653705 /* PotatoChips.jpg */,
				94F44FB81FB4B95300653705 /* Soup.jpg */,
				94F44FBB1FB4B95300653705 /* Sucos.jpg */,
				94F44FBC1FB4B95300653705 /* WeddingCake.jpg */,
			);
			path = Images;
			sourceTree = "<group>";
		};
/* End PBXGroup section */

/* Begin PBXNativeTarget section */
		9480AD421F974D750019492F /* ARDemoApp */ = {
			isa = PBXNativeTarget;
			buildConfigurationList = 9480AD6B1F974D750019492F /* Build configuration list for PBXNativeTarget "ARDemoApp" */;
			buildPhases = (
				9480AD3F1F974D750019492F /* Sources */,
				9480AD401F974D750019492F /* Frameworks */,
				9480AD411F974D750019492F /* Resources */,
			);
			buildRules = (
			);
			dependencies = (
			);
			name = ARDemoApp;
			productName = ARDemoApp;
			productReference = 9480AD431F974D750019492F /* ARDemoApp.app */;
			productType = "com.apple.product-type.application";
		};
		9480AD561F974D750019492F /* ARDemoAppTests */ = {
			isa = PBXNativeTarget;
			buildConfigurationList = 9480AD6E1F974D750019492F /* Build configuration list for PBXNativeTarget "ARDemoAppTests" */;
			buildPhases = (
				9480AD531F974D750019492F /* Sources */,
				9480AD541F974D750019492F /* Frameworks */,
				9480AD551F974D750019492F /* Resources */,
			);
			buildRules = (
			);
			dependencies = (
				9480AD591F974D750019492F /* PBXTargetDependency */,
			);
			name = ARDemoAppTests;
			productName = ARDemoAppTests;
			productReference = 9480AD571F974D750019492F /* ARDemoAppTests.xctest */;
			productType = "com.apple.product-type.bundle.unit-test";
		};
		9480AD611F974D750019492F /* ARDemoAppUITests */ = {
			isa = PBXNativeTarget;
			buildConfigurationList = 9480AD711F974D750019492F /* Build configuration list for PBXNativeTarget "ARDemoAppUITests" */;
			buildPhases = (
				9480AD5E1F974D750019492F /* Sources */,
				9480AD5F1F974D750019492F /* Frameworks */,
				9480AD601F974D750019492F /* Resources */,
			);
			buildRules = (
			);
			dependencies = (
				9480AD641F974D750019492F /* PBXTargetDependency */,
			);
			name = ARDemoAppUITests;
			productName = ARDemoAppUITests;
			productReference = 9480AD621F974D750019492F /* ARDemoAppUITests.xctest */;
			productType = "com.apple.product-type.bundle.ui-testing";
		};
/* End PBXNativeTarget section */

/* Begin PBXProject section */
		9480AD3B1F974D750019492F /* Project object */ = {
			isa = PBXProject;
			attributes = {
				LastSwiftUpdateCheck = 0900;
				LastUpgradeCheck = 0900;
				ORGANIZATIONNAME = "Shrstha Kusal";
				TargetAttributes = {
					9480AD421F974D750019492F = {
						CreatedOnToolsVersion = 9.0.1;
						ProvisioningStyle = Automatic;
					};
					9480AD561F974D750019492F = {
						CreatedOnToolsVersion = 9.0.1;
						ProvisioningStyle = Automatic;
						TestTargetID = 9480AD421F974D750019492F;
					};
					9480AD611F974D750019492F = {
						CreatedOnToolsVersion = 9.0.1;
						ProvisioningStyle = Automatic;
						TestTargetID = 9480AD421F974D750019492F;
					};
				};
			};
			buildConfigurationList = 9480AD3E1F974D750019492F /* Build configuration list for PBXProject "ARDemoApp" */;
			compatibilityVersion = "Xcode 8.0";
			developmentRegion = en;
			hasScannedForEncodings = 0;
			knownRegions = (
				en,
				Base,
			);
			mainGroup = 9480AD3A1F974D750019492F;
			productRefGroup = 9480AD441F974D750019492F /* Products */;
			projectDirPath = "";
			projectRoot = "";
			targets = (
				9480AD421F974D750019492F /* ARDemoApp */,
				9480AD561F974D750019492F /* ARDemoAppTests */,
				9480AD611F974D750019492F /* ARDemoAppUITests */,
			);
		};
/* End PBXProject section */

/* Begin PBXResourcesBuildPhase section */
		9480AD411F974D750019492F /* Resources */ = {
			isa = PBXResourcesBuildPhase;
			buildActionMask = 2147483647;
			files = (
				9480AD511F974D750019492F /* LaunchScreen.storyboard in Resources */,
				94F44FD71FB4B95600653705 /* OskarBlues.jpg in Resources */,
				94F44FDD1FB4B95600653705 /* InstantNoodles.jpg in Resources */,
				94F44FE71FB4B95600653705 /* HotDog.jpg in Resources */,
				94F44FD81FB4B95600653705 /* BlackForestCake.jpg in Resources */,
				94F44FD41FB4B95600653705 /* Sucos.jpg in Resources */,
				94F44FE31FB4B95600653705 /* BirthdayCake.jpg in Resources */,
				94F44FE11FB4B95600653705 /* CakePiece.jpg in Resources */,
				94F44FD51FB4B95600653705 /* WeddingCake.jpg in Resources */,
				9480AD4E1F974D750019492F /* Assets.xcassets in Resources */,
				94F44FE61FB4B95600653705 /* PepperoniPizza.jpg in Resources */,
				94F44FE41FB4B95600653705 /* BreakFast.jpg in Resources */,
				94F44FD01FB4B95600653705 /* Giapponese.jpg in Resources */,
				94FDA97A1F9ED28A008160CE /* Cars.scnassets in Resources */,
				94F44FE01FB4B95600653705 /* JackDaniels.jpg in Resources */,
				94F44FDE1FB4B95600653705 /* Bierfles.jpeg in Resources */,
				94F44FD21FB4B95600653705 /* PotatoChips.jpg in Resources */,
				9480AD4C1F974D750019492F /* Main.storyboard in Resources */,
				94F44FDF1FB4B95600653705 /* FastFood.jpg in Resources */,
				94F44FD61FB4B95600653705 /* Burger.jpg in Resources */,
				94F44FE81FB4B95600653705 /* ChineseInstantNoodles.jpg in Resources */,
				94F44FD11FB4B95600653705 /* Soup.jpg in Resources */,
				94F44FD31FB4B95600653705 /* Lemonade.jpeg in Resources */,
				94F44FDB1FB4B95600653705 /* Noodles.jpg in Resources */,
				94F44FD91FB4B95600653705 /* Cocacola.jpg in Resources */,
				94F44FDC1FB4B95600653705 /* Clicquot.jpg in Resources */,
				94F44FDA1FB4B95600653705 /* BurgerFries.jpg in Resources */,
				94250ED51FB590EC0068FEFB /* Places.scnassets in Resources */,
				94F44FE21FB4B95600653705 /* ChocolateCake.jpg in Resources */,
				948F2C8B1FB351A7003550B1 /* Food.scnassets in Resources */,
				94F44FE51FB4B95600653705 /* FranksBeansDinner.jpg in Resources */,
			);
			runOnlyForDeploymentPostprocessing = 0;
		};
		9480AD551F974D750019492F /* Resources */ = {
			isa = PBXResourcesBuildPhase;
			buildActionMask = 2147483647;
			files = (
			);
			runOnlyForDeploymentPostprocessing = 0;
		};
		9480AD601F974D750019492F /* Resources */ = {
			isa = PBXResourcesBuildPhase;
			buildActionMask = 2147483647;
			files = (
			);
			runOnlyForDeploymentPostprocessing = 0;
		};
/* End PBXResourcesBuildPhase section */

/* Begin PBXSourcesBuildPhase section */
		9480AD3F1F974D750019492F /* Sources */ = {
			isa = PBXSourcesBuildPhase;
			buildActionMask = 2147483647;
			files = (
				940A52BA1FB8AE25002272D6 /* UICollectionView+Extension.swift in Sources */,
				948F2C8F1FB36736003550B1 /* AnimationUtil.swift in Sources */,
				940A74331FB6D1AD009D99B6 /* FocusSquare.swift in Sources */,
				940A74381FB6D1E3009D99B6 /* ModelCollectionViewCell.swift in Sources */,
				940A74341FB6D1AD009D99B6 /* FocusSquareSegment.swift in Sources */,
				94677DD71FB9C4FC005689D5 /* SCNNode+Extension.swift in Sources */,
				940A742D1FB6D146009D99B6 /* UIView+Extension.swift in Sources */,
				940A74271FB6D12B009D99B6 /* MenuViewController.swift in Sources */,
				940A74131FB6CFD5009D99B6 /* VirtualObjectARView.swift in Sources */,
				940A74251FB6D12B009D99B6 /* ViewController.swift in Sources */,
				940A74241FB6D12B009D99B6 /* NewViewController.swift in Sources */,
				940A743C1FB6D1EA009D99B6 /* CollectionViewVM.swift in Sources */,
				940A742A1FB6D13E009D99B6 /* MainModel.swift in Sources */,
				940254EF1FAB1B2C00402B7E /* Utilities.swift in Sources */,
				940A743B1FB6D1EA009D99B6 /* MenuTableViewVM.swift in Sources */,
				940A742B1FB6D13E009D99B6 /* VirtualObject.swift in Sources */,
				940A74371FB6D1E3009D99B6 /* ModelTableViewCell.swift in Sources */,
				940A74161FB6CFD5009D99B6 /* AppDelegate.swift in Sources */,
				940A74141FB6CFD5009D99B6 /* Axis.swift in Sources */,
			);
			runOnlyForDeploymentPostprocessing = 0;
		};
		9480AD531F974D750019492F /* Sources */ = {
			isa = PBXSourcesBuildPhase;
			buildActionMask = 2147483647;
			files = (
				9480AD5C1F974D750019492F /* ARDemoAppTests.swift in Sources */,
			);
			runOnlyForDeploymentPostprocessing = 0;
		};
		9480AD5E1F974D750019492F /* Sources */ = {
			isa = PBXSourcesBuildPhase;
			buildActionMask = 2147483647;
			files = (
				9480AD671F974D750019492F /* ARDemoAppUITests.swift in Sources */,
			);
			runOnlyForDeploymentPostprocessing = 0;
		};
/* End PBXSourcesBuildPhase section */

/* Begin PBXTargetDependency section */
		9480AD591F974D750019492F /* PBXTargetDependency */ = {
			isa = PBXTargetDependency;
			target = 9480AD421F974D750019492F /* ARDemoApp */;
			targetProxy = 9480AD581F974D750019492F /* PBXContainerItemProxy */;
		};
		9480AD641F974D750019492F /* PBXTargetDependency */ = {
			isa = PBXTargetDependency;
			target = 9480AD421F974D750019492F /* ARDemoApp */;
			targetProxy = 9480AD631F974D750019492F /* PBXContainerItemProxy */;
		};
/* End PBXTargetDependency section */

/* Begin PBXVariantGroup section */
		9480AD4A1F974D750019492F /* Main.storyboard */ = {
			isa = PBXVariantGroup;
			children = (
				9480AD4B1F974D750019492F /* Base */,
			);
			name = Main.storyboard;
			sourceTree = "<group>";
		};
		9480AD4F1F974D750019492F /* LaunchScreen.storyboard */ = {
			isa = PBXVariantGroup;
			children = (
				9480AD501F974D750019492F /* Base */,
			);
			name = LaunchScreen.storyboard;
			sourceTree = "<group>";
		};
/* End PBXVariantGroup section */

/* Begin XCBuildConfiguration section */
		9480AD691F974D750019492F /* Debug */ = {
			isa = XCBuildConfiguration;
			buildSettings = {
				ALWAYS_SEARCH_USER_PATHS = NO;
				CLANG_ANALYZER_NONNULL = YES;
				CLANG_ANALYZER_NUMBER_OBJECT_CONVERSION = YES_AGGRESSIVE;
				CLANG_CXX_LANGUAGE_STANDARD = "gnu++14";
				CLANG_CXX_LIBRARY = "libc++";
				CLANG_ENABLE_MODULES = YES;
				CLANG_ENABLE_OBJC_ARC = YES;
				CLANG_WARN_BLOCK_CAPTURE_AUTORELEASING = YES;
				CLANG_WARN_BOOL_CONVERSION = YES;
				CLANG_WARN_COMMA = YES;
				CLANG_WARN_CONSTANT_CONVERSION = YES;
				CLANG_WARN_DIRECT_OBJC_ISA_USAGE = YES_ERROR;
				CLANG_WARN_DOCUMENTATION_COMMENTS = YES;
				CLANG_WARN_EMPTY_BODY = YES;
				CLANG_WARN_ENUM_CONVERSION = YES;
				CLANG_WARN_INFINITE_RECURSION = YES;
				CLANG_WARN_INT_CONVERSION = YES;
				CLANG_WARN_NON_LITERAL_NULL_CONVERSION = YES;
				CLANG_WARN_OBJC_LITERAL_CONVERSION = YES;
				CLANG_WARN_OBJC_ROOT_CLASS = YES_ERROR;
				CLANG_WARN_RANGE_LOOP_ANALYSIS = YES;
				CLANG_WARN_STRICT_PROTOTYPES = YES;
				CLANG_WARN_SUSPICIOUS_MOVE = YES;
				CLANG_WARN_UNGUARDED_AVAILABILITY = YES_AGGRESSIVE;
				CLANG_WARN_UNREACHABLE_CODE = YES;
				CLANG_WARN__DUPLICATE_METHOD_MATCH = YES;
				CODE_SIGN_IDENTITY = "iPhone Developer";
				COPY_PHASE_STRIP = NO;
				DEBUG_INFORMATION_FORMAT = dwarf;
				ENABLE_STRICT_OBJC_MSGSEND = YES;
				ENABLE_TESTABILITY = YES;
				GCC_C_LANGUAGE_STANDARD = gnu11;
				GCC_DYNAMIC_NO_PIC = NO;
				GCC_NO_COMMON_BLOCKS = YES;
				GCC_OPTIMIZATION_LEVEL = 0;
				GCC_PREPROCESSOR_DEFINITIONS = (
					"DEBUG=1",
					"$(inherited)",
				);
				GCC_WARN_64_TO_32_BIT_CONVERSION = YES;
				GCC_WARN_ABOUT_RETURN_TYPE = YES_ERROR;
				GCC_WARN_UNDECLARED_SELECTOR = YES;
				GCC_WARN_UNINITIALIZED_AUTOS = YES_AGGRESSIVE;
				GCC_WARN_UNUSED_FUNCTION = YES;
				GCC_WARN_UNUSED_VARIABLE = YES;
				IPHONEOS_DEPLOYMENT_TARGET = 11.0;
				MTL_ENABLE_DEBUG_INFO = YES;
				ONLY_ACTIVE_ARCH = YES;
				SDKROOT = iphoneos;
				SWIFT_ACTIVE_COMPILATION_CONDITIONS = DEBUG;
				SWIFT_OPTIMIZATION_LEVEL = "-Onone";
			};
			name = Debug;
		};
		9480AD6A1F974D750019492F /* Release */ = {
			isa = XCBuildConfiguration;
			buildSettings = {
				ALWAYS_SEARCH_USER_PATHS = NO;
				CLANG_ANALYZER_NONNULL = YES;
				CLANG_ANALYZER_NUMBER_OBJECT_CONVERSION = YES_AGGRESSIVE;
				CLANG_CXX_LANGUAGE_STANDARD = "gnu++14";
				CLANG_CXX_LIBRARY = "libc++";
				CLANG_ENABLE_MODULES = YES;
				CLANG_ENABLE_OBJC_ARC = YES;
				CLANG_WARN_BLOCK_CAPTURE_AUTORELEASING = YES;
				CLANG_WARN_BOOL_CONVERSION = YES;
				CLANG_WARN_COMMA = YES;
				CLANG_WARN_CONSTANT_CONVERSION = YES;
				CLANG_WARN_DIRECT_OBJC_ISA_USAGE = YES_ERROR;
				CLANG_WARN_DOCUMENTATION_COMMENTS = YES;
				CLANG_WARN_EMPTY_BODY = YES;
				CLANG_WARN_ENUM_CONVERSION = YES;
				CLANG_WARN_INFINITE_RECURSION = YES;
				CLANG_WARN_INT_CONVERSION = YES;
				CLANG_WARN_NON_LITERAL_NULL_CONVERSION = YES;
				CLANG_WARN_OBJC_LITERAL_CONVERSION = YES;
				CLANG_WARN_OBJC_ROOT_CLASS = YES_ERROR;
				CLANG_WARN_RANGE_LOOP_ANALYSIS = YES;
				CLANG_WARN_STRICT_PROTOTYPES = YES;
				CLANG_WARN_SUSPICIOUS_MOVE = YES;
				CLANG_WARN_UNGUARDED_AVAILABILITY = YES_AGGRESSIVE;
				CLANG_WARN_UNREACHABLE_CODE = YES;
				CLANG_WARN__DUPLICATE_METHOD_MATCH = YES;
				CODE_SIGN_IDENTITY = "iPhone Developer";
				COPY_PHASE_STRIP = NO;
				DEBUG_INFORMATION_FORMAT = "dwarf-with-dsym";
				ENABLE_NS_ASSERTIONS = NO;
				ENABLE_STRICT_OBJC_MSGSEND = YES;
				GCC_C_LANGUAGE_STANDARD = gnu11;
				GCC_NO_COMMON_BLOCKS = YES;
				GCC_WARN_64_TO_32_BIT_CONVERSION = YES;
				GCC_WARN_ABOUT_RETURN_TYPE = YES_ERROR;
				GCC_WARN_UNDECLARED_SELECTOR = YES;
				GCC_WARN_UNINITIALIZED_AUTOS = YES_AGGRESSIVE;
				GCC_WARN_UNUSED_FUNCTION = YES;
				GCC_WARN_UNUSED_VARIABLE = YES;
				IPHONEOS_DEPLOYMENT_TARGET = 11.0;
				MTL_ENABLE_DEBUG_INFO = NO;
				SDKROOT = iphoneos;
				SWIFT_OPTIMIZATION_LEVEL = "-Owholemodule";
				VALIDATE_PRODUCT = YES;
			};
			name = Release;
		};
		9480AD6C1F974D750019492F /* Debug */ = {
			isa = XCBuildConfiguration;
			buildSettings = {
				ASSETCATALOG_COMPILER_APPICON_NAME = AppIcon;
				CODE_SIGN_STYLE = Automatic;
				DEVELOPMENT_TEAM = N7DN9W93BF;
				INFOPLIST_FILE = ARDemoApp/Info.plist;
				LD_RUNPATH_SEARCH_PATHS = "$(inherited) @executable_path/Frameworks";
				PRODUCT_BUNDLE_IDENTIFIER = com.leapfrog.ARDemoApp;
				PRODUCT_NAME = "$(TARGET_NAME)";
				SWIFT_VERSION = 4.0;
				TARGETED_DEVICE_FAMILY = "1,2";
			};
			name = Debug;
		};
		9480AD6D1F974D750019492F /* Release */ = {
			isa = XCBuildConfiguration;
			buildSettings = {
				ASSETCATALOG_COMPILER_APPICON_NAME = AppIcon;
				CODE_SIGN_STYLE = Automatic;
				DEVELOPMENT_TEAM = N7DN9W93BF;
				INFOPLIST_FILE = ARDemoApp/Info.plist;
				LD_RUNPATH_SEARCH_PATHS = "$(inherited) @executable_path/Frameworks";
				PRODUCT_BUNDLE_IDENTIFIER = com.leapfrog.ARDemoApp;
				PRODUCT_NAME = "$(TARGET_NAME)";
				SWIFT_VERSION = 4.0;
				TARGETED_DEVICE_FAMILY = "1,2";
			};
			name = Release;
		};
		9480AD6F1F974D750019492F /* Debug */ = {
			isa = XCBuildConfiguration;
			buildSettings = {
				ALWAYS_EMBED_SWIFT_STANDARD_LIBRARIES = YES;
				BUNDLE_LOADER = "$(TEST_HOST)";
				CODE_SIGN_STYLE = Automatic;
				INFOPLIST_FILE = ARDemoAppTests/Info.plist;
				LD_RUNPATH_SEARCH_PATHS = "$(inherited) @executable_path/Frameworks @loader_path/Frameworks";
				PRODUCT_BUNDLE_IDENTIFIER = com.leapfrog.ARDemoAppTests;
				PRODUCT_NAME = "$(TARGET_NAME)";
				SWIFT_VERSION = 4.0;
				TARGETED_DEVICE_FAMILY = "1,2";
				TEST_HOST = "$(BUILT_PRODUCTS_DIR)/ARDemoApp.app/ARDemoApp";
			};
			name = Debug;
		};
		9480AD701F974D750019492F /* Release */ = {
			isa = XCBuildConfiguration;
			buildSettings = {
				ALWAYS_EMBED_SWIFT_STANDARD_LIBRARIES = YES;
				BUNDLE_LOADER = "$(TEST_HOST)";
				CODE_SIGN_STYLE = Automatic;
				INFOPLIST_FILE = ARDemoAppTests/Info.plist;
				LD_RUNPATH_SEARCH_PATHS = "$(inherited) @executable_path/Frameworks @loader_path/Frameworks";
				PRODUCT_BUNDLE_IDENTIFIER = com.leapfrog.ARDemoAppTests;
				PRODUCT_NAME = "$(TARGET_NAME)";
				SWIFT_VERSION = 4.0;
				TARGETED_DEVICE_FAMILY = "1,2";
				TEST_HOST = "$(BUILT_PRODUCTS_DIR)/ARDemoApp.app/ARDemoApp";
			};
			name = Release;
		};
		9480AD721F974D750019492F /* Debug */ = {
			isa = XCBuildConfiguration;
			buildSettings = {
				ALWAYS_EMBED_SWIFT_STANDARD_LIBRARIES = YES;
				CODE_SIGN_STYLE = Automatic;
				INFOPLIST_FILE = ARDemoAppUITests/Info.plist;
				LD_RUNPATH_SEARCH_PATHS = "$(inherited) @executable_path/Frameworks @loader_path/Frameworks";
				PRODUCT_BUNDLE_IDENTIFIER = com.leapfrog.ARDemoAppUITests;
				PRODUCT_NAME = "$(TARGET_NAME)";
				SWIFT_VERSION = 4.0;
				TARGETED_DEVICE_FAMILY = "1,2";
				TEST_TARGET_NAME = ARDemoApp;
			};
			name = Debug;
		};
		9480AD731F974D750019492F /* Release */ = {
			isa = XCBuildConfiguration;
			buildSettings = {
				ALWAYS_EMBED_SWIFT_STANDARD_LIBRARIES = YES;
				CODE_SIGN_STYLE = Automatic;
				INFOPLIST_FILE = ARDemoAppUITests/Info.plist;
				LD_RUNPATH_SEARCH_PATHS = "$(inherited) @executable_path/Frameworks @loader_path/Frameworks";
				PRODUCT_BUNDLE_IDENTIFIER = com.leapfrog.ARDemoAppUITests;
				PRODUCT_NAME = "$(TARGET_NAME)";
				SWIFT_VERSION = 4.0;
				TARGETED_DEVICE_FAMILY = "1,2";
				TEST_TARGET_NAME = ARDemoApp;
			};
			name = Release;
		};
/* End XCBuildConfiguration section */

/* Begin XCConfigurationList section */
		9480AD3E1F974D750019492F /* Build configuration list for PBXProject "ARDemoApp" */ = {
			isa = XCConfigurationList;
			buildConfigurations = (
				9480AD691F974D750019492F /* Debug */,
				9480AD6A1F974D750019492F /* Release */,
			);
			defaultConfigurationIsVisible = 0;
			defaultConfigurationName = Release;
		};
		9480AD6B1F974D750019492F /* Build configuration list for PBXNativeTarget "ARDemoApp" */ = {
			isa = XCConfigurationList;
			buildConfigurations = (
				9480AD6C1F974D750019492F /* Debug */,
				9480AD6D1F974D750019492F /* Release */,
			);
			defaultConfigurationIsVisible = 0;
			defaultConfigurationName = Release;
		};
		9480AD6E1F974D750019492F /* Build configuration list for PBXNativeTarget "ARDemoAppTests" */ = {
			isa = XCConfigurationList;
			buildConfigurations = (
				9480AD6F1F974D750019492F /* Debug */,
				9480AD701F974D750019492F /* Release */,
			);
			defaultConfigurationIsVisible = 0;
			defaultConfigurationName = Release;
		};
		9480AD711F974D750019492F /* Build configuration list for PBXNativeTarget "ARDemoAppUITests" */ = {
			isa = XCConfigurationList;
			buildConfigurations = (
				9480AD721F974D750019492F /* Debug */,
				9480AD731F974D750019492F /* Release */,
			);
			defaultConfigurationIsVisible = 0;
			defaultConfigurationName = Release;
		};
/* End XCConfigurationList section */
	};
	rootObject = 9480AD3B1F974D750019492F /* Project object */;
}
